
Microsoft Visual Studio Solution File, Format Version 12.00
# Visual Studio Version 17
VisualStudioVersion = 17.10.34928.147
MinimumVisualStudioVersion = 10.0.40219.1
Project("{9A19103F-16F7-4668-BE54-9A1E7A4F7556}") = "KUYS", "KUYS\KUYS.csproj", "{028BBF0D-0F9F-4ED5-A36C-31050E58103B}"
EndProject
Global
	GlobalSection(SolutionConfigurationPlatforms) = preSolution
		Debug|Any CPU = Debug|Any CPU
		Release|Any CPU = Release|Any CPU
	EndGlobalSection
	GlobalSection(ProjectConfigurationPlatforms) = postSolution
		{028BBF0D-0F9F-4ED5-A36C-31050E58103B}.Debug|Any CPU.ActiveCfg = Debug|Any CPU
		{028BBF0D-0F9F-4ED5-A36C-31050E58103B}.Debug|Any CPU.Build.0 = Debug|Any CPU
		{028BBF0D-0F9F-4ED5-A36C-31050E58103B}.Release|Any CPU.ActiveCfg = Release|Any CPU
		{028BBF0D-0F9F-4ED5-A36C-31050E58103B}.Release|Any CPU.Build.0 = Release|Any CPU
	EndGlobalSection
	GlobalSection(SolutionProperties) = preSolution
		HideSolutionNode = FALSE
	EndGlobalSection
	GlobalSection(ExtensibilityGlobals) = postSolution
		SolutionGuid = {1F2F5F7C-81F8-4396-9E9D-63D8D8693EAA}
	EndGlobalSection
EndGlobal
